
Microsoft Visual Studio Solution File, Format Version 12.00
# Visual Studio Version 16
VisualStudioVersion = 16.0.31402.337
MinimumVisualStudioVersion = 10.0.40219.1
Project("{FAE04EC0-301F-11D3-BF4B-00C04F79EFBC}") = "Puzzle2", "Puzzle2.csproj", "{5A8A5EE3-ED37-4535-86D1-836BA594DD3B}"
EndProject
Global
	GlobalSection(SolutionConfigurationPlatforms) = preSolution
		Debug|Any CPU = Debug|Any CPU
		Release|Any CPU = Release|Any CPU
	EndGlobalSection
	GlobalSection(ProjectConfigurationPlatforms) = postSolution
		{5A8A5EE3-ED37-4535-86D1-836BA594DD3B}.Debug|Any CPU.ActiveCfg = Debug|Any CPU
		{5A8A5EE3-ED37-4535-86D1-836BA594DD3B}.Debug|Any CPU.Build.0 = Debug|Any CPU
		{5A8A5EE3-ED37-4535-86D1-836BA594DD3B}.Release|Any CPU.ActiveCfg = Release|Any CPU
		{5A8A5EE3-ED37-4535-86D1-836BA594DD3B}.Release|Any CPU.Build.0 = Release|Any CPU
	EndGlobalSection
	GlobalSection(SolutionProperties) = preSolution
		HideSolutionNode = FALSE
	EndGlobalSection
	GlobalSection(ExtensibilityGlobals) = postSolution
		SolutionGuid = {BCF27414-32A2-405D-8335-D4CAFD298E86}
	EndGlobalSection
EndGlobal
