
Microsoft Visual Studio Solution File, Format Version 12.00
# Visual Studio Version 16
VisualStudioVersion = 16.0.31402.337
MinimumVisualStudioVersion = 10.0.40219.1
Project("{FAE04EC0-301F-11D3-BF4B-00C04F79EFBC}") = "Puzzle1", "Puzzle1.csproj", "{EA50CC74-C8C7-43BB-9A4A-B86488C03AE5}"
EndProject
Global
	GlobalSection(SolutionConfigurationPlatforms) = preSolution
		Debug|Any CPU = Debug|Any CPU
		Release|Any CPU = Release|Any CPU
	EndGlobalSection
	GlobalSection(ProjectConfigurationPlatforms) = postSolution
		{EA50CC74-C8C7-43BB-9A4A-B86488C03AE5}.Debug|Any CPU.ActiveCfg = Debug|Any CPU
		{EA50CC74-C8C7-43BB-9A4A-B86488C03AE5}.Debug|Any CPU.Build.0 = Debug|Any CPU
		{EA50CC74-C8C7-43BB-9A4A-B86488C03AE5}.Release|Any CPU.ActiveCfg = Release|Any CPU
		{EA50CC74-C8C7-43BB-9A4A-B86488C03AE5}.Release|Any CPU.Build.0 = Release|Any CPU
	EndGlobalSection
	GlobalSection(SolutionProperties) = preSolution
		HideSolutionNode = FALSE
	EndGlobalSection
	GlobalSection(ExtensibilityGlobals) = postSolution
		SolutionGuid = {0313541F-C001-4B7C-BD4F-6FA890BB36F5}
	EndGlobalSection
EndGlobal
